
Microsoft Visual Studio Solution File, Format Version 12.00
# Visual Studio Version 17
VisualStudioVersion = 17.5.33530.505
MinimumVisualStudioVersion = 10.0.40219.1
Project("{9A19103F-16F7-4668-BE54-9A1E7A4F7556}") = "GrammaticalAbilityAssessmentSoftware", "GrammaticalAbilityAssessmentSoftware\GrammaticalAbilityAssessmentSoftware.csproj", "{89DBF1F1-DF2A-4C21-AE1C-0C2A5B681A6B}"
EndProject
Project("{9A19103F-16F7-4668-BE54-9A1E7A4F7556}") = "GAASBusinessLogicLibrary", "BusinessLogicLibrary\GAASBusinessLogicLibrary.csproj", "{ADAE95FE-6A6A-4FCE-B20A-73FDAC96F8ED}"
EndProject
Project("{FAE04EC0-301F-11D3-BF4B-00C04F79EFBC}") = "DataAccessLibrary", "DataAccessLibrary\DataAccessLibrary.csproj", "{78E0A629-643F-4A9E-A0E8-A39062BBE64F}"
EndProject
Global
	GlobalSection(SolutionConfigurationPlatforms) = preSolution
		Debug|Any CPU = Debug|Any CPU
		Release|Any CPU = Release|Any CPU
	EndGlobalSection
	GlobalSection(ProjectConfigurationPlatforms) = postSolution
		{89DBF1F1-DF2A-4C21-AE1C-0C2A5B681A6B}.Debug|Any CPU.ActiveCfg = Debug|Any CPU
		{89DBF1F1-DF2A-4C21-AE1C-0C2A5B681A6B}.Debug|Any CPU.Build.0 = Debug|Any CPU
		{89DBF1F1-DF2A-4C21-AE1C-0C2A5B681A6B}.Release|Any CPU.ActiveCfg = Release|Any CPU
		{89DBF1F1-DF2A-4C21-AE1C-0C2A5B681A6B}.Release|Any CPU.Build.0 = Release|Any CPU
		{ADAE95FE-6A6A-4FCE-B20A-73FDAC96F8ED}.Debug|Any CPU.ActiveCfg = Debug|Any CPU
		{ADAE95FE-6A6A-4FCE-B20A-73FDAC96F8ED}.Debug|Any CPU.Build.0 = Debug|Any CPU
		{ADAE95FE-6A6A-4FCE-B20A-73FDAC96F8ED}.Release|Any CPU.ActiveCfg = Release|Any CPU
		{ADAE95FE-6A6A-4FCE-B20A-73FDAC96F8ED}.Release|Any CPU.Build.0 = Release|Any CPU
		{78E0A629-643F-4A9E-A0E8-A39062BBE64F}.Debug|Any CPU.ActiveCfg = Debug|Any CPU
		{78E0A629-643F-4A9E-A0E8-A39062BBE64F}.Debug|Any CPU.Build.0 = Debug|Any CPU
		{78E0A629-643F-4A9E-A0E8-A39062BBE64F}.Release|Any CPU.ActiveCfg = Release|Any CPU
		{78E0A629-643F-4A9E-A0E8-A39062BBE64F}.Release|Any CPU.Build.0 = Release|Any CPU
	EndGlobalSection
	GlobalSection(SolutionProperties) = preSolution
		HideSolutionNode = FALSE
	EndGlobalSection
	GlobalSection(ExtensibilityGlobals) = postSolution
		SolutionGuid = {AE30332C-86DE-48E8-A513-356D175AA47E}
	EndGlobalSection
EndGlobal
